
Microsoft Visual Studio Solution File, Format Version 12.00
# Visual Studio Version 17
VisualStudioVersion = 17.4.33213.308
MinimumVisualStudioVersion = 10.0.40219.1
Project("{FAE04EC0-301F-11D3-BF4B-00C04F79EFBC}") = "TestSqliteWPF", "TestSqliteWPF\TestSqliteWPF.csproj", "{FD0692D4-AB5D-472E-85E1-E17D56F9F499}"
EndProject
Global
	GlobalSection(SolutionConfigurationPlatforms) = preSolution
		Debug|Any CPU = Debug|Any CPU
		Release|Any CPU = Release|Any CPU
	EndGlobalSection
	GlobalSection(ProjectConfigurationPlatforms) = postSolution
		{FD0692D4-AB5D-472E-85E1-E17D56F9F499}.Debug|Any CPU.ActiveCfg = Debug|Any CPU
		{FD0692D4-AB5D-472E-85E1-E17D56F9F499}.Debug|Any CPU.Build.0 = Debug|Any CPU
		{FD0692D4-AB5D-472E-85E1-E17D56F9F499}.Release|Any CPU.ActiveCfg = Release|Any CPU
		{FD0692D4-AB5D-472E-85E1-E17D56F9F499}.Release|Any CPU.Build.0 = Release|Any CPU
	EndGlobalSection
	GlobalSection(SolutionProperties) = preSolution
		HideSolutionNode = FALSE
	EndGlobalSection
	GlobalSection(ExtensibilityGlobals) = postSolution
		SolutionGuid = {0908CB63-A6E2-41F9-A53D-5C032E01BF8E}
	EndGlobalSection
EndGlobal
